
Microsoft Visual Studio Solution File, Format Version 12.00
# Visual Studio 15
VisualStudioVersion = 15.0.28307.168
MinimumVisualStudioVersion = 10.0.40219.1
Project("{9092AA53-FB77-4645-B42D-1CCCA6BD08BD}") = "timothy-cope", "timothy-cope\timothy-cope.njsproj", "{22C5B715-971A-49C6-ABCC-019EE80450E5}"
EndProject
Global
	GlobalSection(SolutionConfigurationPlatforms) = preSolution
		Debug|Any CPU = Debug|Any CPU
		Release|Any CPU = Release|Any CPU
	EndGlobalSection
	GlobalSection(ProjectConfigurationPlatforms) = postSolution
		{22C5B715-971A-49C6-ABCC-019EE80450E5}.Debug|Any CPU.ActiveCfg = Debug|Any CPU
		{22C5B715-971A-49C6-ABCC-019EE80450E5}.Debug|Any CPU.Build.0 = Debug|Any CPU
		{22C5B715-971A-49C6-ABCC-019EE80450E5}.Release|Any CPU.ActiveCfg = Release|Any CPU
		{22C5B715-971A-49C6-ABCC-019EE80450E5}.Release|Any CPU.Build.0 = Release|Any CPU
	EndGlobalSection
	GlobalSection(SolutionProperties) = preSolution
		HideSolutionNode = FALSE
	EndGlobalSection
	GlobalSection(ExtensibilityGlobals) = postSolution
		SolutionGuid = {1C2CC1DA-114E-4721-A211-4113BE504A7B}
	EndGlobalSection
EndGlobal
